<?xml version="1.0" encoding="utf-8"?>
<Project ToolsVersion="4.0" xmlns="http://schemas.microsoft.com/developer/msbuild/2003">
  <ItemGroup>
    <ClInclude Include="..\plugin\agsplugin.h">
      <Filter>Header Files\plugin</Filter>
    </ClInclude>
    <ClInclude Include="..\controller.h">
      <Filter>Header Files</Filter>
    </ClInclude>
    <ClInclude Include="..\ControllerModule.h">
      <Filter>Header Files</Filter>
    </ClInclude>
    <ClInclude Include="..\stdint.h">
      <Filter>Header Files</Filter>
    </ClInclude>
    <ClInclude Include="..\JoystickControllerModule.h">
      <Filter>Header Files</Filter>
    </ClInclude>
    <ClInclude Include="..\GameControllerModule.h">
      <Filter>Header Files</Filter>
    </ClInclude>
    <ClInclude Include="..\AGSController_script_header.h">
      <Filter>Header Files</Filter>
    </ClInclude>
    <ClInclude Include="..\plugin\agsplugin_evts.h">
      <Filter>Header Files\plugin</Filter>
    </ClInclude>
  </ItemGroup>
  <ItemGroup>
    <Filter Include="Source Files">
      <UniqueIdentifier>{d053b983-d3d4-4d33-bf9b-eac91c7ed4d3}</UniqueIdentifier>
    </Filter>
    <Filter Include="Header Files">
      <UniqueIdentifier>{8668514a-e025-4f23-8393-7b0d4afa8239}</UniqueIdentifier>
    </Filter>
    <Filter Include="Header Files\plugin">
      <UniqueIdentifier>{7a9da136-b4f9-42ce-8523-bbf6f9580349}</UniqueIdentifier>
      <SourceControlFiles>False</SourceControlFiles>
      <Extensions>
      </Extensions>
    </Filter>
  </ItemGroup>
  <ItemGroup>
    <ClCompile Include="..\controller.cpp">
      <Filter>Source Files</Filter>
    </ClCompile>
    <ClCompile Include="..\JoystickControllerModule.cpp">
      <Filter>Source Files</Filter>
    </ClCompile>
    <ClCompile Include="..\ControllerModule.cpp">
      <Filter>Source Files</Filter>
    </ClCompile>
    <ClCompile Include="..\GameControllerModule.cpp">
      <Filter>Source Files</Filter>
    </ClCompile>
    <ClCompile Include="..\AGSController_script_header.gen.cpp">
      <Filter>Source Files</Filter>
    </ClCompile>
  </ItemGroup>
</Project>